{
  "name": "catcto-node-util",
  "version": "1.0.4",
  "lockfileVersion": 2,
  "requires": true,
  "packages": {
    "": {
      "name": "catcto-node-util",
      "version": "1.0.4",
      "license": "MIT",
      "dependencies": {
        "i18next": "^21.9.1",
        "i18next-fs-backend": "^1.1.5",
        "i18next-http-middleware": "^3.2.1",
        "lodash": "^4.17.21"
      }
    },
    "node_modules/@babel/runtime": {
      "version": "7.19.0",
      "resolved": "https://registry.npmjs.org/@babel/runtime/-/runtime-7.19.0.tgz",
      "integrity": "sha512-eR8Lo9hnDS7tqkO7NsV+mKvCmv5boaXFSZ70DnfhcgiEne8hv9oCEd36Klw74EtizEqLsy4YnW8UWwpBVolHZA==",
      "dependencies": {
        "regenerator-runtime": "^0.13.4"
      },
      "engines": {
        "node": ">=6.9.0"
      }
    },
    "node_modules/i18next": {
      "version": "21.9.1",
      "resolved": "https://registry.npmjs.org/i18next/-/i18next-21.9.1.tgz",
      "integrity": "sha512-ITbDrAjbRR73spZAiu6+ex5WNlHRr1mY+acDi2ioTHuUiviJqSz269Le1xHAf0QaQ6GgIHResUhQNcxGwa/PhA==",
      "funding": [
        {
          "type": "individual",
          "url": "https://locize.com"
        },
        {
          "type": "individual",
          "url": "https://locize.com/i18next.html"
        },
        {
          "type": "individual",
          "url": "https://www.i18next.com/how-to/faq#i18next-is-awesome.-how-can-i-support-the-project"
        }
      ],
      "dependencies": {
        "@babel/runtime": "^7.17.2"
      }
    },
    "node_modules/i18next-fs-backend": {
      "version": "1.1.5",
      "resolved": "https://registry.npmjs.org/i18next-fs-backend/-/i18next-fs-backend-1.1.5.tgz",
      "integrity": "sha512-raTel3EfshiUXxR0gvmIoqp75jhkj8+7R1LjB006VZKPTFBbXyx6TlUVhb8Z9+7ahgpFbcQg1QWVOdf/iNzI5A=="
    },
    "node_modules/i18next-http-middleware": {
      "version": "3.2.1",
      "resolved": "https://registry.npmjs.org/i18next-http-middleware/-/i18next-http-middleware-3.2.1.tgz",
      "integrity": "sha512-zBwXxDChT0YLoTXIR6jRuqnUUhXW0Iw7egoTnNXyaDRtTbfWNXwU0a53ThyuRPQ+k+tXu3ZMNKRzfLuononaRw=="
    },
    "node_modules/lodash": {
      "version": "4.17.21",
      "resolved": "https://registry.npmjs.org/lodash/-/lodash-4.17.21.tgz",
      "integrity": "sha512-v2kDEe57lecTulaDIuNTPy3Ry4gLGJ6Z1O3vE1krgXZNrsQ+LFTGHVxVjcXPs17LhbZVGedAJv8XZ1tvj5FvSg=="
    },
    "node_modules/regenerator-runtime": {
      "version": "0.13.9",
      "resolved": "https://registry.npmjs.org/regenerator-runtime/-/regenerator-runtime-0.13.9.tgz",
      "integrity": "sha512-p3VT+cOEgxFsRRA9X4lkI1E+k2/CtnKtU4gcxyaCUreilL/vqI6CdZ3wxVUx3UOUg+gnUOQQcRI7BmSI656MYA=="
    }
  },
  "dependencies": {
    "@babel/runtime": {
      "version": "7.19.0",
      "resolved": "https://registry.npmjs.org/@babel/runtime/-/runtime-7.19.0.tgz",
      "integrity": "sha512-eR8Lo9hnDS7tqkO7NsV+mKvCmv5boaXFSZ70DnfhcgiEne8hv9oCEd36Klw74EtizEqLsy4YnW8UWwpBVolHZA==",
      "requires": {
        "regenerator-runtime": "^0.13.4"
      }
    },
    "i18next": {
      "version": "21.9.1",
      "resolved": "https://registry.npmjs.org/i18next/-/i18next-21.9.1.tgz",
      "integrity": "sha512-ITbDrAjbRR73spZAiu6+ex5WNlHRr1mY+acDi2ioTHuUiviJqSz269Le1xHAf0QaQ6GgIHResUhQNcxGwa/PhA==",
      "requires": {
        "@babel/runtime": "^7.17.2"
      }
    },
    "i18next-fs-backend": {
      "version": "1.1.5",
      "resolved": "https://registry.npmjs.org/i18next-fs-backend/-/i18next-fs-backend-1.1.5.tgz",
      "integrity": "sha512-raTel3EfshiUXxR0gvmIoqp75jhkj8+7R1LjB006VZKPTFBbXyx6TlUVhb8Z9+7ahgpFbcQg1QWVOdf/iNzI5A=="
    },
    "i18next-http-middleware": {
      "version": "3.2.1",
      "resolved": "https://registry.npmjs.org/i18next-http-middleware/-/i18next-http-middleware-3.2.1.tgz",
      "integrity": "sha512-zBwXxDChT0YLoTXIR6jRuqnUUhXW0Iw7egoTnNXyaDRtTbfWNXwU0a53ThyuRPQ+k+tXu3ZMNKRzfLuononaRw=="
    },
    "lodash": {
      "version": "4.17.21",
      "resolved": "https://registry.npmjs.org/lodash/-/lodash-4.17.21.tgz",
      "integrity": "sha512-v2kDEe57lecTulaDIuNTPy3Ry4gLGJ6Z1O3vE1krgXZNrsQ+LFTGHVxVjcXPs17LhbZVGedAJv8XZ1tvj5FvSg=="
    },
    "regenerator-runtime": {
      "version": "0.13.9",
      "resolved": "https://registry.npmjs.org/regenerator-runtime/-/regenerator-runtime-0.13.9.tgz",
      "integrity": "sha512-p3VT+cOEgxFsRRA9X4lkI1E+k2/CtnKtU4gcxyaCUreilL/vqI6CdZ3wxVUx3UOUg+gnUOQQcRI7BmSI656MYA=="
    }
  }
}
